
Microsoft Visual Studio Solution File, Format Version 12.00
# Visual Studio Version 17
VisualStudioVersion = 17.9.34622.214
MinimumVisualStudioVersion = 10.0.40219.1
Project("{FAE04EC0-301F-11D3-BF4B-00C04F79EFBC}") = "A1Ticket", "A1Ticket.csproj", "{77620039-D218-4AC4-82EB-77B983AB83D7}"
EndProject
Global
	GlobalSection(SolutionConfigurationPlatforms) = preSolution
		Debug|Any CPU = Debug|Any CPU
		Release|Any CPU = Release|Any CPU
	EndGlobalSection
	GlobalSection(ProjectConfigurationPlatforms) = postSolution
		{77620039-D218-4AC4-82EB-77B983AB83D7}.Debug|Any CPU.ActiveCfg = Debug|Any CPU
		{77620039-D218-4AC4-82EB-77B983AB83D7}.Debug|Any CPU.Build.0 = Debug|Any CPU
		{77620039-D218-4AC4-82EB-77B983AB83D7}.Release|Any CPU.ActiveCfg = Release|Any CPU
		{77620039-D218-4AC4-82EB-77B983AB83D7}.Release|Any CPU.Build.0 = Release|Any CPU
	EndGlobalSection
	GlobalSection(SolutionProperties) = preSolution
		HideSolutionNode = FALSE
	EndGlobalSection
	GlobalSection(ExtensibilityGlobals) = postSolution
		SolutionGuid = {B093F6A0-65B9-420A-B2CC-79F2F593DF6C}
	EndGlobalSection
EndGlobal
